
Microsoft Visual Studio Solution File, Format Version 12.00
# Visual Studio 15
VisualStudioVersion = 15.0.28010.2036
MinimumVisualStudioVersion = 10.0.40219.1
Project("{FAE04EC0-301F-11D3-BF4B-00C04F79EFBC}") = "looptask4-5", "looptask4-5\looptask4-5.csproj", "{01AC2B76-CCBA-4C6B-A045-A3CDF1610FE5}"
EndProject
Global
	GlobalSection(SolutionConfigurationPlatforms) = preSolution
		Debug|Any CPU = Debug|Any CPU
		Release|Any CPU = Release|Any CPU
	EndGlobalSection
	GlobalSection(ProjectConfigurationPlatforms) = postSolution
		{01AC2B76-CCBA-4C6B-A045-A3CDF1610FE5}.Debug|Any CPU.ActiveCfg = Debug|Any CPU
		{01AC2B76-CCBA-4C6B-A045-A3CDF1610FE5}.Debug|Any CPU.Build.0 = Debug|Any CPU
		{01AC2B76-CCBA-4C6B-A045-A3CDF1610FE5}.Release|Any CPU.ActiveCfg = Release|Any CPU
		{01AC2B76-CCBA-4C6B-A045-A3CDF1610FE5}.Release|Any CPU.Build.0 = Release|Any CPU
	EndGlobalSection
	GlobalSection(SolutionProperties) = preSolution
		HideSolutionNode = FALSE
	EndGlobalSection
	GlobalSection(ExtensibilityGlobals) = postSolution
		SolutionGuid = {7EEFEA4C-B5D2-4C1F-B184-8909251618F6}
	EndGlobalSection
EndGlobal
