
Microsoft Visual Studio Solution File, Format Version 12.00
# Visual Studio 15
VisualStudioVersion = 15.0.28010.2036
MinimumVisualStudioVersion = 10.0.40219.1
Project("{FAE04EC0-301F-11D3-BF4B-00C04F79EFBC}") = "looptask 3-2", "looptask 3-2\looptask 3-2.csproj", "{5E0F3966-872D-49B8-9C65-8080FFF84E41}"
EndProject
Global
	GlobalSection(SolutionConfigurationPlatforms) = preSolution
		Debug|Any CPU = Debug|Any CPU
		Release|Any CPU = Release|Any CPU
	EndGlobalSection
	GlobalSection(ProjectConfigurationPlatforms) = postSolution
		{5E0F3966-872D-49B8-9C65-8080FFF84E41}.Debug|Any CPU.ActiveCfg = Debug|Any CPU
		{5E0F3966-872D-49B8-9C65-8080FFF84E41}.Debug|Any CPU.Build.0 = Debug|Any CPU
		{5E0F3966-872D-49B8-9C65-8080FFF84E41}.Release|Any CPU.ActiveCfg = Release|Any CPU
		{5E0F3966-872D-49B8-9C65-8080FFF84E41}.Release|Any CPU.Build.0 = Release|Any CPU
	EndGlobalSection
	GlobalSection(SolutionProperties) = preSolution
		HideSolutionNode = FALSE
	EndGlobalSection
	GlobalSection(ExtensibilityGlobals) = postSolution
		SolutionGuid = {9481E2AA-F6CD-4FBB-8D92-F2D7310628CF}
	EndGlobalSection
EndGlobal
