
Microsoft Visual Studio Solution File, Format Version 12.00
# Visual Studio 15
VisualStudioVersion = 15.0.28010.2036
MinimumVisualStudioVersion = 10.0.40219.1
Project("{FAE04EC0-301F-11D3-BF4B-00C04F79EFBC}") = "looptask4-2", "looptask4-2\looptask4-2.csproj", "{ACE8D0A0-CF59-4BA8-9448-4D06633CB7A7}"
EndProject
Global
	GlobalSection(SolutionConfigurationPlatforms) = preSolution
		Debug|Any CPU = Debug|Any CPU
		Release|Any CPU = Release|Any CPU
	EndGlobalSection
	GlobalSection(ProjectConfigurationPlatforms) = postSolution
		{ACE8D0A0-CF59-4BA8-9448-4D06633CB7A7}.Debug|Any CPU.ActiveCfg = Debug|Any CPU
		{ACE8D0A0-CF59-4BA8-9448-4D06633CB7A7}.Debug|Any CPU.Build.0 = Debug|Any CPU
		{ACE8D0A0-CF59-4BA8-9448-4D06633CB7A7}.Release|Any CPU.ActiveCfg = Release|Any CPU
		{ACE8D0A0-CF59-4BA8-9448-4D06633CB7A7}.Release|Any CPU.Build.0 = Release|Any CPU
	EndGlobalSection
	GlobalSection(SolutionProperties) = preSolution
		HideSolutionNode = FALSE
	EndGlobalSection
	GlobalSection(ExtensibilityGlobals) = postSolution
		SolutionGuid = {B471F114-DBB1-4048-AAA5-740EBA03932A}
	EndGlobalSection
EndGlobal
