
Microsoft Visual Studio Solution File, Format Version 12.00
# Visual Studio 15
VisualStudioVersion = 15.0.28010.2036
MinimumVisualStudioVersion = 10.0.40219.1
Project("{FAE04EC0-301F-11D3-BF4B-00C04F79EFBC}") = "stringtask1", "stringtask1\stringtask1.csproj", "{6F998476-1FA3-4E65-BA03-5829F98E5276}"
EndProject
Global
	GlobalSection(SolutionConfigurationPlatforms) = preSolution
		Debug|Any CPU = Debug|Any CPU
		Release|Any CPU = Release|Any CPU
	EndGlobalSection
	GlobalSection(ProjectConfigurationPlatforms) = postSolution
		{6F998476-1FA3-4E65-BA03-5829F98E5276}.Debug|Any CPU.ActiveCfg = Debug|Any CPU
		{6F998476-1FA3-4E65-BA03-5829F98E5276}.Debug|Any CPU.Build.0 = Debug|Any CPU
		{6F998476-1FA3-4E65-BA03-5829F98E5276}.Release|Any CPU.ActiveCfg = Release|Any CPU
		{6F998476-1FA3-4E65-BA03-5829F98E5276}.Release|Any CPU.Build.0 = Release|Any CPU
	EndGlobalSection
	GlobalSection(SolutionProperties) = preSolution
		HideSolutionNode = FALSE
	EndGlobalSection
	GlobalSection(ExtensibilityGlobals) = postSolution
		SolutionGuid = {57EF3988-3664-4187-AFDA-663E9C4942AA}
	EndGlobalSection
EndGlobal
